
Microsoft Visual Studio Solution File, Format Version 12.00
# Visual Studio Version 17
VisualStudioVersion = 17.6.33723.286
MinimumVisualStudioVersion = 10.0.40219.1
Project("{FAE04EC0-301F-11D3-BF4B-00C04F79EFBC}") = "TinyWebServer", "TinyWebServer\TinyWebServer.csproj", "{8751A2D2-AB15-4E08-BFD1-E59D2DBA3BDA}"
EndProject
Project("{FAE04EC0-301F-11D3-BF4B-00C04F79EFBC}") = "TinyWebServer.Abstractions", "TinyWebServer.Abstractions\TinyWebServer.Abstractions.csproj", "{299D0ADC-5D0D-4B51-B7DF-D87281864F78}"
EndProject
Project("{FAE04EC0-301F-11D3-BF4B-00C04F79EFBC}") = "TinyWebServer.Server", "TinyWebServer.Server\TinyWebServer.Server.csproj", "{57FCE2EB-9E65-4959-9C1D-6C87DD3D7BA7}"
EndProject
Project("{FAE04EC0-301F-11D3-BF4B-00C04F79EFBC}") = "TinyWebServer.HttpParser", "TinyWebServer.HttpParser\TinyWebServer.HttpParser.csproj", "{58DCC558-118F-49CF-9648-857EDA770251}"
EndProject
Global
	GlobalSection(SolutionConfigurationPlatforms) = preSolution
		Debug|Any CPU = Debug|Any CPU
		Release|Any CPU = Release|Any CPU
	EndGlobalSection
	GlobalSection(ProjectConfigurationPlatforms) = postSolution
		{8751A2D2-AB15-4E08-BFD1-E59D2DBA3BDA}.Debug|Any CPU.ActiveCfg = Debug|Any CPU
		{8751A2D2-AB15-4E08-BFD1-E59D2DBA3BDA}.Debug|Any CPU.Build.0 = Debug|Any CPU
		{8751A2D2-AB15-4E08-BFD1-E59D2DBA3BDA}.Release|Any CPU.ActiveCfg = Release|Any CPU
		{8751A2D2-AB15-4E08-BFD1-E59D2DBA3BDA}.Release|Any CPU.Build.0 = Release|Any CPU
		{299D0ADC-5D0D-4B51-B7DF-D87281864F78}.Debug|Any CPU.ActiveCfg = Debug|Any CPU
		{299D0ADC-5D0D-4B51-B7DF-D87281864F78}.Debug|Any CPU.Build.0 = Debug|Any CPU
		{299D0ADC-5D0D-4B51-B7DF-D87281864F78}.Release|Any CPU.ActiveCfg = Release|Any CPU
		{299D0ADC-5D0D-4B51-B7DF-D87281864F78}.Release|Any CPU.Build.0 = Release|Any CPU
		{57FCE2EB-9E65-4959-9C1D-6C87DD3D7BA7}.Debug|Any CPU.ActiveCfg = Debug|Any CPU
		{57FCE2EB-9E65-4959-9C1D-6C87DD3D7BA7}.Debug|Any CPU.Build.0 = Debug|Any CPU
		{57FCE2EB-9E65-4959-9C1D-6C87DD3D7BA7}.Release|Any CPU.ActiveCfg = Release|Any CPU
		{57FCE2EB-9E65-4959-9C1D-6C87DD3D7BA7}.Release|Any CPU.Build.0 = Release|Any CPU
		{58DCC558-118F-49CF-9648-857EDA770251}.Debug|Any CPU.ActiveCfg = Debug|Any CPU
		{58DCC558-118F-49CF-9648-857EDA770251}.Debug|Any CPU.Build.0 = Debug|Any CPU
		{58DCC558-118F-49CF-9648-857EDA770251}.Release|Any CPU.ActiveCfg = Release|Any CPU
		{58DCC558-118F-49CF-9648-857EDA770251}.Release|Any CPU.Build.0 = Release|Any CPU
	EndGlobalSection
	GlobalSection(SolutionProperties) = preSolution
		HideSolutionNode = FALSE
	EndGlobalSection
	GlobalSection(ExtensibilityGlobals) = postSolution
		SolutionGuid = {F8EF1B28-A1CF-426E-9783-CCC87EAC8154}
	EndGlobalSection
EndGlobal
