
Microsoft Visual Studio Solution File, Format Version 12.00
# Visual Studio Version 17
VisualStudioVersion = 17.6.33723.286
MinimumVisualStudioVersion = 10.0.40219.1
Project("{9A19103F-16F7-4668-BE54-9A1E7A4F7556}") = "TinyWebServer", "TinyWebServer\TinyWebServer.csproj", "{8751A2D2-AB15-4E08-BFD1-E59D2DBA3BDA}"
EndProject
Project("{9A19103F-16F7-4668-BE54-9A1E7A4F7556}") = "TinyWebServer.HttpParse", "TinyWebServer.HttpParse\TinyWebServer.HttpParse.csproj", "{23804027-B9EA-4A6F-AA4A-8218F24F713B}"
EndProject
Project("{9A19103F-16F7-4668-BE54-9A1E7A4F7556}") = "TinyWebServer.Server", "TinyWebServer.ServerRefactor\TinyWebServer.Server.csproj", "{FE8A1365-C6DD-4AB6-BB11-EB102C0362D9}"
EndProject
Project("{9A19103F-16F7-4668-BE54-9A1E7A4F7556}") = "Tests", "Tests\Tests.csproj", "{26379E14-38AB-422C-884C-8BA337C9B655}"
EndProject
Project("{9A19103F-16F7-4668-BE54-9A1E7A4F7556}") = "TinyWebService.Abstractions", "TinyWebService.Abstraction\TinyWebService.Abstractions.csproj", "{DED10D84-7C68-45CA-8838-52C7C25B88E0}"
EndProject
Global
	GlobalSection(SolutionConfigurationPlatforms) = preSolution
		Debug|Any CPU = Debug|Any CPU
		Release|Any CPU = Release|Any CPU
	EndGlobalSection
	GlobalSection(ProjectConfigurationPlatforms) = postSolution
		{8751A2D2-AB15-4E08-BFD1-E59D2DBA3BDA}.Debug|Any CPU.ActiveCfg = Debug|Any CPU
		{8751A2D2-AB15-4E08-BFD1-E59D2DBA3BDA}.Debug|Any CPU.Build.0 = Debug|Any CPU
		{8751A2D2-AB15-4E08-BFD1-E59D2DBA3BDA}.Release|Any CPU.ActiveCfg = Release|Any CPU
		{8751A2D2-AB15-4E08-BFD1-E59D2DBA3BDA}.Release|Any CPU.Build.0 = Release|Any CPU
		{23804027-B9EA-4A6F-AA4A-8218F24F713B}.Debug|Any CPU.ActiveCfg = Debug|Any CPU
		{23804027-B9EA-4A6F-AA4A-8218F24F713B}.Debug|Any CPU.Build.0 = Debug|Any CPU
		{23804027-B9EA-4A6F-AA4A-8218F24F713B}.Release|Any CPU.ActiveCfg = Release|Any CPU
		{23804027-B9EA-4A6F-AA4A-8218F24F713B}.Release|Any CPU.Build.0 = Release|Any CPU
		{FE8A1365-C6DD-4AB6-BB11-EB102C0362D9}.Debug|Any CPU.ActiveCfg = Debug|Any CPU
		{FE8A1365-C6DD-4AB6-BB11-EB102C0362D9}.Debug|Any CPU.Build.0 = Debug|Any CPU
		{FE8A1365-C6DD-4AB6-BB11-EB102C0362D9}.Release|Any CPU.ActiveCfg = Release|Any CPU
		{FE8A1365-C6DD-4AB6-BB11-EB102C0362D9}.Release|Any CPU.Build.0 = Release|Any CPU
		{26379E14-38AB-422C-884C-8BA337C9B655}.Debug|Any CPU.ActiveCfg = Debug|Any CPU
		{26379E14-38AB-422C-884C-8BA337C9B655}.Debug|Any CPU.Build.0 = Debug|Any CPU
		{26379E14-38AB-422C-884C-8BA337C9B655}.Release|Any CPU.ActiveCfg = Release|Any CPU
		{26379E14-38AB-422C-884C-8BA337C9B655}.Release|Any CPU.Build.0 = Release|Any CPU
		{DED10D84-7C68-45CA-8838-52C7C25B88E0}.Debug|Any CPU.ActiveCfg = Debug|Any CPU
		{DED10D84-7C68-45CA-8838-52C7C25B88E0}.Debug|Any CPU.Build.0 = Debug|Any CPU
		{DED10D84-7C68-45CA-8838-52C7C25B88E0}.Release|Any CPU.ActiveCfg = Release|Any CPU
		{DED10D84-7C68-45CA-8838-52C7C25B88E0}.Release|Any CPU.Build.0 = Release|Any CPU
	EndGlobalSection
	GlobalSection(SolutionProperties) = preSolution
		HideSolutionNode = FALSE
	EndGlobalSection
	GlobalSection(ExtensibilityGlobals) = postSolution
		SolutionGuid = {F8EF1B28-A1CF-426E-9783-CCC87EAC8154}
	EndGlobalSection
EndGlobal
